// !$*UTF8*$!
{
	archiveVersion = 1;
	classes = {
	};
	objectVersion = 55;
	objects = {

/* Begin PBXBuildFile section */
		431159E82776119F00E7CDFE /* quizappApp.swift in Sources */ = {isa = PBXBuildFile; fileRef = 431159E72776119F00E7CDFE /* quizappApp.swift */; };
		431159EA2776119F00E7CDFE /* quizappView.swift in Sources */ = {isa = PBXBuildFile; fileRef = 431159E92776119F00E7CDFE /* quizappView.swift */; };
		431159EC277611A000E7CDFE /* Assets.xcassets in Resources */ = {isa = PBXBuildFile; fileRef = 431159EB277611A000E7CDFE /* Assets.xcassets */; };
		431159EF277611A000E7CDFE /* Preview Assets.xcassets in Resources */ = {isa = PBXBuildFile; fileRef = 431159EE277611A000E7CDFE /* Preview Assets.xcassets */; };
		43196FF327838A2600300D83 /* homeView.swift in Sources */ = {isa = PBXBuildFile; fileRef = 43196FF227838A2600300D83 /* homeView.swift */; };
		43281B3D2782059F0097EF34 /* quizappModel.swift in Sources */ = {isa = PBXBuildFile; fileRef = 43281B3C2782059F0097EF34 /* quizappModel.swift */; };
		43281B3F2782111C0097EF34 /* quizappViewModel.swift in Sources */ = {isa = PBXBuildFile; fileRef = 43281B3E2782111C0097EF34 /* quizappViewModel.swift */; };
		43FD7B2E2783B1E400169C09 /* questionView.swift in Sources */ = {isa = PBXBuildFile; fileRef = 43FD7B2D2783B1E400169C09 /* questionView.swift */; };
		43FD7B302783BC8F00169C09 /* finalView.swift in Sources */ = {isa = PBXBuildFile; fileRef = 43FD7B2F2783BC8F00169C09 /* finalView.swift */; };
/* End PBXBuildFile section */

/* Begin PBXFileReference section */
		431159E42776119F00E7CDFE /* quizapp.app */ = {isa = PBXFileReference; explicitFileType = wrapper.application; includeInIndex = 0; path = quizapp.app; sourceTree = BUILT_PRODUCTS_DIR; };
		431159E72776119F00E7CDFE /* quizappApp.swift */ = {isa = PBXFileReference; lastKnownFileType = sourcecode.swift; path = quizappApp.swift; sourceTree = "<group>"; };
		431159E92776119F00E7CDFE /* quizappView.swift */ = {isa = PBXFileReference; lastKnownFileType = sourcecode.swift; path = quizappView.swift; sourceTree = "<group>"; };
		431159EB277611A000E7CDFE /* Assets.xcassets */ = {isa = PBXFileReference; lastKnownFileType = folder.assetcatalog; path = Assets.xcassets; sourceTree = "<group>"; };
		431159EE277611A000E7CDFE /* Preview Assets.xcassets */ = {isa = PBXFileReference; lastKnownFileType = folder.assetcatalog; path = "Preview Assets.xcassets"; sourceTree = "<group>"; };
		43196FF227838A2600300D83 /* homeView.swift */ = {isa = PBXFileReference; lastKnownFileType = sourcecode.swift; path = homeView.swift; sourceTree = "<group>"; };
		43281B3C2782059F0097EF34 /* quizappModel.swift */ = {isa = PBXFileReference; lastKnownFileType = sourcecode.swift; path = quizappModel.swift; sourceTree = "<group>"; };
		43281B3E2782111C0097EF34 /* quizappViewModel.swift */ = {isa = PBXFileReference; lastKnownFileType = sourcecode.swift; path = quizappViewModel.swift; sourceTree = "<group>"; };
		43FD7B2D2783B1E400169C09 /* questionView.swift */ = {isa = PBXFileReference; lastKnownFileType = sourcecode.swift; path = questionView.swift; sourceTree = "<group>"; };
		43FD7B2F2783BC8F00169C09 /* finalView.swift */ = {isa = PBXFileReference; lastKnownFileType = sourcecode.swift; path = finalView.swift; sourceTree = "<group>"; };
/* End PBXFileReference section */

/* Begin PBXFrameworksBuildPhase section */
		431159E12776119F00E7CDFE /* Frameworks */ = {
			isa = PBXFrameworksBuildPhase;
			buildActionMask = 2147483647;
			files = (
			);
			runOnlyForDeploymentPostprocessing = 0;
		};
/* End PBXFrameworksBuildPhase section */

/* Begin PBXGroup section */
		431159DB2776119F00E7CDFE = {
			isa = PBXGroup;
			children = (
				431159E62776119F00E7CDFE /* quizapp */,
				431159E52776119F00E7CDFE /* Products */,
			);
			sourceTree = "<group>";
		};
		431159E52776119F00E7CDFE /* Products */ = {
			isa = PBXGroup;
			children = (
				431159E42776119F00E7CDFE /* quizapp.app */,
			);
			name = Products;
			sourceTree = "<group>";
		};
		431159E62776119F00E7CDFE /* quizapp */ = {
			isa = PBXGroup;
			children = (
				43196FF1278389D600300D83 /* ViewModel */,
				43196FF0278389CE00300D83 /* Models */,
				43196FEF278389BD00300D83 /* Views */,
				431159E72776119F00E7CDFE /* quizappApp.swift */,
				431159EB277611A000E7CDFE /* Assets.xcassets */,
				431159ED277611A000E7CDFE /* Preview Content */,
			);
			path = quizapp;
			sourceTree = "<group>";
		};
		431159ED277611A000E7CDFE /* Preview Content */ = {
			isa = PBXGroup;
			children = (
				431159EE277611A000E7CDFE /* Preview Assets.xcassets */,
			);
			path = "Preview Content";
			sourceTree = "<group>";
		};
		43196FEF278389BD00300D83 /* Views */ = {
			isa = PBXGroup;
			children = (
				431159E92776119F00E7CDFE /* quizappView.swift */,
				43196FF227838A2600300D83 /* homeView.swift */,
				43FD7B2D2783B1E400169C09 /* questionView.swift */,
				43FD7B2F2783BC8F00169C09 /* finalView.swift */,
			);
			path = Views;
			sourceTree = "<group>";
		};
		43196FF0278389CE00300D83 /* Models */ = {
			isa = PBXGroup;
			children = (
				43281B3C2782059F0097EF34 /* quizappModel.swift */,
			);
			path = Models;
			sourceTree = "<group>";
		};
		43196FF1278389D600300D83 /* ViewModel */ = {
			isa = PBXGroup;
			children = (
				43281B3E2782111C0097EF34 /* quizappViewModel.swift */,
			);
			path = ViewModel;
			sourceTree = "<group>";
		};
/* End PBXGroup section */

/* Begin PBXNativeTarget section */
		431159E32776119F00E7CDFE /* quizapp */ = {
			isa = PBXNativeTarget;
			buildConfigurationList = 431159F2277611A000E7CDFE /* Build configuration list for PBXNativeTarget "quizapp" */;
			buildPhases = (
				431159E02776119F00E7CDFE /* Sources */,
				431159E12776119F00E7CDFE /* Frameworks */,
				431159E22776119F00E7CDFE /* Resources */,
			);
			buildRules = (
			);
			dependencies = (
			);
			name = quizapp;
			productName = quizapp;
			productReference = 431159E42776119F00E7CDFE /* quizapp.app */;
			productType = "com.apple.product-type.application";
		};
/* End PBXNativeTarget section */

/* Begin PBXProject section */
		431159DC2776119F00E7CDFE /* Project object */ = {
			isa = PBXProject;
			attributes = {
				BuildIndependentTargetsInParallel = 1;
				LastSwiftUpdateCheck = 1320;
				LastUpgradeCheck = 1320;
				TargetAttributes = {
					431159E32776119F00E7CDFE = {
						CreatedOnToolsVersion = 13.2.1;
					};
				};
			};
			buildConfigurationList = 431159DF2776119F00E7CDFE /* Build configuration list for PBXProject "quizapp" */;
			compatibilityVersion = "Xcode 13.0";
			developmentRegion = en;
			hasScannedForEncodings = 0;
			knownRegions = (
				en,
				Base,
			);
			mainGroup = 431159DB2776119F00E7CDFE;
			productRefGroup = 431159E52776119F00E7CDFE /* Products */;
			projectDirPath = "";
			projectRoot = "";
			targets = (
				431159E32776119F00E7CDFE /* quizapp */,
			);
		};
/* End PBXProject section */

/* Begin PBXResourcesBuildPhase section */
		431159E22776119F00E7CDFE /* Resources */ = {
			isa = PBXResourcesBuildPhase;
			buildActionMask = 2147483647;
			files = (
				431159EF277611A000E7CDFE /* Preview Assets.xcassets in Resources */,
				431159EC277611A000E7CDFE /* Assets.xcassets in Resources */,
			);
			runOnlyForDeploymentPostprocessing = 0;
		};
/* End PBXResourcesBuildPhase section */

/* Begin PBXSourcesBuildPhase section */
		431159E02776119F00E7CDFE /* Sources */ = {
			isa = PBXSourcesBuildPhase;
			buildActionMask = 2147483647;
			files = (
				431159EA2776119F00E7CDFE /* quizappView.swift in Sources */,
				431159E82776119F00E7CDFE /* quizappApp.swift in Sources */,
				43281B3D2782059F0097EF34 /* quizappModel.swift in Sources */,
				43196FF327838A2600300D83 /* homeView.swift in Sources */,
				43FD7B2E2783B1E400169C09 /* questionView.swift in Sources */,
				43281B3F2782111C0097EF34 /* quizappViewModel.swift in Sources */,
				43FD7B302783BC8F00169C09 /* finalView.swift in Sources */,
			);
			runOnlyForDeploymentPostprocessing = 0;
		};
/* End PBXSourcesBuildPhase section */

/* Begin XCBuildConfiguration section */
		431159F0277611A000E7CDFE /* Debug */ = {
			isa = XCBuildConfiguration;
			buildSettings = {
				ALWAYS_SEARCH_USER_PATHS = NO;
				CLANG_ANALYZER_NONNULL = YES;
				CLANG_ANALYZER_NUMBER_OBJECT_CONVERSION = YES_AGGRESSIVE;
				CLANG_CXX_LANGUAGE_STANDARD = "gnu++17";
				CLANG_CXX_LIBRARY = "libc++";
				CLANG_ENABLE_MODULES = YES;
				CLANG_ENABLE_OBJC_ARC = YES;
				CLANG_ENABLE_OBJC_WEAK = YES;
				CLANG_WARN_BLOCK_CAPTURE_AUTORELEASING = YES;
				CLANG_WARN_BOOL_CONVERSION = YES;
				CLANG_WARN_COMMA = YES;
				CLANG_WARN_CONSTANT_CONVERSION = YES;
				CLANG_WARN_DEPRECATED_OBJC_IMPLEMENTATIONS = YES;
				CLANG_WARN_DIRECT_OBJC_ISA_USAGE = YES_ERROR;
				CLANG_WARN_DOCUMENTATION_COMMENTS = YES;
				CLANG_WARN_EMPTY_BODY = YES;
				CLANG_WARN_ENUM_CONVERSION = YES;
				CLANG_WARN_INFINITE_RECURSION = YES;
				CLANG_WARN_INT_CONVERSION = YES;
				CLANG_WARN_NON_LITERAL_NULL_CONVERSION = YES;
				CLANG_WARN_OBJC_IMPLICIT_RETAIN_SELF = YES;
				CLANG_WARN_OBJC_LITERAL_CONVERSION = YES;
				CLANG_WARN_OBJC_ROOT_CLASS = YES_ERROR;
				CLANG_WARN_QUOTED_INCLUDE_IN_FRAMEWORK_HEADER = YES;
				CLANG_WARN_RANGE_LOOP_ANALYSIS = YES;
				CLANG_WARN_STRICT_PROTOTYPES = YES;
				CLANG_WARN_SUSPICIOUS_MOVE = YES;
				CLANG_WARN_UNGUARDED_AVAILABILITY = YES_AGGRESSIVE;
				CLANG_WARN_UNREACHABLE_CODE = YES;
				CLANG_WARN__DUPLICATE_METHOD_MATCH = YES;
				COPY_PHASE_STRIP = NO;
				DEBUG_INFORMATION_FORMAT = dwarf;
				ENABLE_STRICT_OBJC_MSGSEND = YES;
				ENABLE_TESTABILITY = YES;
				GCC_C_LANGUAGE_STANDARD = gnu11;
				GCC_DYNAMIC_NO_PIC = NO;
				GCC_NO_COMMON_BLOCKS = YES;
				GCC_OPTIMIZATION_LEVEL = 0;
				GCC_PREPROCESSOR_DEFINITIONS = (
					"DEBUG=1",
					"$(inherited)",
				);
				GCC_WARN_64_TO_32_BIT_CONVERSION = YES;
				GCC_WARN_ABOUT_RETURN_TYPE = YES_ERROR;
				GCC_WARN_UNDECLARED_SELECTOR = YES;
				GCC_WARN_UNINITIALIZED_AUTOS = YES_AGGRESSIVE;
				GCC_WARN_UNUSED_FUNCTION = YES;
				GCC_WARN_UNUSED_VARIABLE = YES;
				IPHONEOS_DEPLOYMENT_TARGET = 15.2;
				MTL_ENABLE_DEBUG_INFO = INCLUDE_SOURCE;
				MTL_FAST_MATH = YES;
				ONLY_ACTIVE_ARCH = YES;
				SDKROOT = iphoneos;
				SWIFT_ACTIVE_COMPILATION_CONDITIONS = DEBUG;
				SWIFT_OPTIMIZATION_LEVEL = "-Onone";
			};
			name = Debug;
		};
		431159F1277611A000E7CDFE /* Release */ = {
			isa = XCBuildConfiguration;
			buildSettings = {
				ALWAYS_SEARCH_USER_PATHS = NO;
				CLANG_ANALYZER_NONNULL = YES;
				CLANG_ANALYZER_NUMBER_OBJECT_CONVERSION = YES_AGGRESSIVE;
				CLANG_CXX_LANGUAGE_STANDARD = "gnu++17";
				CLANG_CXX_LIBRARY = "libc++";
				CLANG_ENABLE_MODULES = YES;
				CLANG_ENABLE_OBJC_ARC = YES;
				CLANG_ENABLE_OBJC_WEAK = YES;
				CLANG_WARN_BLOCK_CAPTURE_AUTORELEASING = YES;
				CLANG_WARN_BOOL_CONVERSION = YES;
				CLANG_WARN_COMMA = YES;
				CLANG_WARN_CONSTANT_CONVERSION = YES;
				CLANG_WARN_DEPRECATED_OBJC_IMPLEMENTATIONS = YES;
				CLANG_WARN_DIRECT_OBJC_ISA_USAGE = YES_ERROR;
				CLANG_WARN_DOCUMENTATION_COMMENTS = YES;
				CLANG_WARN_EMPTY_BODY = YES;
				CLANG_WARN_ENUM_CONVERSION = YES;
				CLANG_WARN_INFINITE_RECURSION = YES;
				CLANG_WARN_INT_CONVERSION = YES;
				CLANG_WARN_NON_LITERAL_NULL_CONVERSION = YES;
				CLANG_WARN_OBJC_IMPLICIT_RETAIN_SELF = YES;
				CLANG_WARN_OBJC_LITERAL_CONVERSION = YES;
				CLANG_WARN_OBJC_ROOT_CLASS = YES_ERROR;
				CLANG_WARN_QUOTED_INCLUDE_IN_FRAMEWORK_HEADER = YES;
				CLANG_WARN_RANGE_LOOP_ANALYSIS = YES;
				CLANG_WARN_STRICT_PROTOTYPES = YES;
				CLANG_WARN_SUSPICIOUS_MOVE = YES;
				CLANG_WARN_UNGUARDED_AVAILABILITY = YES_AGGRESSIVE;
				CLANG_WARN_UNREACHABLE_CODE = YES;
				CLANG_WARN__DUPLICATE_METHOD_MATCH = YES;
				COPY_PHASE_STRIP = NO;
				DEBUG_INFORMATION_FORMAT = "dwarf-with-dsym";
				ENABLE_NS_ASSERTIONS = NO;
				ENABLE_STRICT_OBJC_MSGSEND = YES;
				GCC_C_LANGUAGE_STANDARD = gnu11;
				GCC_NO_COMMON_BLOCKS = YES;
				GCC_WARN_64_TO_32_BIT_CONVERSION = YES;
				GCC_WARN_ABOUT_RETURN_TYPE = YES_ERROR;
				GCC_WARN_UNDECLARED_SELECTOR = YES;
				GCC_WARN_UNINITIALIZED_AUTOS = YES_AGGRESSIVE;
				GCC_WARN_UNUSED_FUNCTION = YES;
				GCC_WARN_UNUSED_VARIABLE = YES;
				IPHONEOS_DEPLOYMENT_TARGET = 15.2;
				MTL_ENABLE_DEBUG_INFO = NO;
				MTL_FAST_MATH = YES;
				SDKROOT = iphoneos;
				SWIFT_COMPILATION_MODE = wholemodule;
				SWIFT_OPTIMIZATION_LEVEL = "-O";
				VALIDATE_PRODUCT = YES;
			};
			name = Release;
		};
		431159F3277611A000E7CDFE /* Debug */ = {
			isa = XCBuildConfiguration;
			buildSettings = {
				ASSETCATALOG_COMPILER_APPICON_NAME = AppIcon;
				ASSETCATALOG_COMPILER_GLOBAL_ACCENT_COLOR_NAME = AccentColor;
				CODE_SIGN_STYLE = Automatic;
				CURRENT_PROJECT_VERSION = 1;
				DEVELOPMENT_ASSET_PATHS = "\"quizapp/Preview Content\"";
				DEVELOPMENT_TEAM = KB2XHNK537;
				ENABLE_PREVIEWS = YES;
				GENERATE_INFOPLIST_FILE = YES;
				INFOPLIST_KEY_UIApplicationSceneManifest_Generation = YES;
				INFOPLIST_KEY_UIApplicationSupportsIndirectInputEvents = YES;
				INFOPLIST_KEY_UILaunchScreen_Generation = YES;
				INFOPLIST_KEY_UISupportedInterfaceOrientations_iPad = "UIInterfaceOrientationPortrait UIInterfaceOrientationPortraitUpsideDown UIInterfaceOrientationLandscapeLeft UIInterfaceOrientationLandscapeRight";
				INFOPLIST_KEY_UISupportedInterfaceOrientations_iPhone = "UIInterfaceOrientationPortrait UIInterfaceOrientationLandscapeLeft UIInterfaceOrientationLandscapeRight";
				LD_RUNPATH_SEARCH_PATHS = (
					"$(inherited)",
					"@executable_path/Frameworks",
				);
				MARKETING_VERSION = 1.0;
				PRODUCT_BUNDLE_IDENTIFIER = "lennard.geeraert-icloud.com.quizapp";
				PRODUCT_NAME = "$(TARGET_NAME)";
				SWIFT_EMIT_LOC_STRINGS = YES;
				SWIFT_VERSION = 5.0;
				TARGETED_DEVICE_FAMILY = "1,2";
			};
			name = Debug;
		};
		431159F4277611A000E7CDFE /* Release */ = {
			isa = XCBuildConfiguration;
			buildSettings = {
				ASSETCATALOG_COMPILER_APPICON_NAME = AppIcon;
				ASSETCATALOG_COMPILER_GLOBAL_ACCENT_COLOR_NAME = AccentColor;
				CODE_SIGN_STYLE = Automatic;
				CURRENT_PROJECT_VERSION = 1;
				DEVELOPMENT_ASSET_PATHS = "\"quizapp/Preview Content\"";
				DEVELOPMENT_TEAM = KB2XHNK537;
				ENABLE_PREVIEWS = YES;
				GENERATE_INFOPLIST_FILE = YES;
				INFOPLIST_KEY_UIApplicationSceneManifest_Generation = YES;
				INFOPLIST_KEY_UIApplicationSupportsIndirectInputEvents = YES;
				INFOPLIST_KEY_UILaunchScreen_Generation = YES;
				INFOPLIST_KEY_UISupportedInterfaceOrientations_iPad = "UIInterfaceOrientationPortrait UIInterfaceOrientationPortraitUpsideDown UIInterfaceOrientationLandscapeLeft UIInterfaceOrientationLandscapeRight";
				INFOPLIST_KEY_UISupportedInterfaceOrientations_iPhone = "UIInterfaceOrientationPortrait UIInterfaceOrientationLandscapeLeft UIInterfaceOrientationLandscapeRight";
				LD_RUNPATH_SEARCH_PATHS = (
					"$(inherited)",
					"@executable_path/Frameworks",
				);
				MARKETING_VERSION = 1.0;
				PRODUCT_BUNDLE_IDENTIFIER = "lennard.geeraert-icloud.com.quizapp";
				PRODUCT_NAME = "$(TARGET_NAME)";
				SWIFT_EMIT_LOC_STRINGS = YES;
				SWIFT_VERSION = 5.0;
				TARGETED_DEVICE_FAMILY = "1,2";
			};
			name = Release;
		};
/* End XCBuildConfiguration section */

/* Begin XCConfigurationList section */
		431159DF2776119F00E7CDFE /* Build configuration list for PBXProject "quizapp" */ = {
			isa = XCConfigurationList;
			buildConfigurations = (
				431159F0277611A000E7CDFE /* Debug */,
				431159F1277611A000E7CDFE /* Release */,
			);
			defaultConfigurationIsVisible = 0;
			defaultConfigurationName = Release;
		};
		431159F2277611A000E7CDFE /* Build configuration list for PBXNativeTarget "quizapp" */ = {
			isa = XCConfigurationList;
			buildConfigurations = (
				431159F3277611A000E7CDFE /* Debug */,
				431159F4277611A000E7CDFE /* Release */,
			);
			defaultConfigurationIsVisible = 0;
			defaultConfigurationName = Release;
		};
/* End XCConfigurationList section */
	};
	rootObject = 431159DC2776119F00E7CDFE /* Project object */;
}
